
Microsoft Visual Studio Solution File, Format Version 12.00
# Visual Studio Version 17
VisualStudioVersion = 17.8.34511.84
MinimumVisualStudioVersion = 10.0.40219.1
Project("{FAE04EC0-301F-11D3-BF4B-00C04F79EFBC}") = "HelloWorld", "HelloWorld.csproj", "{AEC51F38-66B6-40E7-8FE5-9DF061F69E67}"
EndProject
Global
	GlobalSection(SolutionConfigurationPlatforms) = preSolution
		Debug|Any CPU = Debug|Any CPU
		Release|Any CPU = Release|Any CPU
	EndGlobalSection
	GlobalSection(ProjectConfigurationPlatforms) = postSolution
		{AEC51F38-66B6-40E7-8FE5-9DF061F69E67}.Debug|Any CPU.ActiveCfg = Debug|Any CPU
		{AEC51F38-66B6-40E7-8FE5-9DF061F69E67}.Debug|Any CPU.Build.0 = Debug|Any CPU
		{AEC51F38-66B6-40E7-8FE5-9DF061F69E67}.Release|Any CPU.ActiveCfg = Release|Any CPU
		{AEC51F38-66B6-40E7-8FE5-9DF061F69E67}.Release|Any CPU.Build.0 = Release|Any CPU
	EndGlobalSection
	GlobalSection(SolutionProperties) = preSolution
		HideSolutionNode = FALSE
	EndGlobalSection
	GlobalSection(ExtensibilityGlobals) = postSolution
		SolutionGuid = {388EDE5E-E334-405D-8653-E2FD47A26BC9}
	EndGlobalSection
EndGlobal
